
Microsoft Visual Studio Solution File, Format Version 12.00
# Visual Studio Version 17
VisualStudioVersion = 17.3.32825.248
MinimumVisualStudioVersion = 10.0.40219.1
Project("{9A19103F-16F7-4668-BE54-9A1E7A4F7556}") = "RandomCards", "RandomCards\RandomCards.csproj", "{43E03D34-0619-4988-A218-8AC7EB296174}"
EndProject
Project("{FAE04EC0-301F-11D3-BF4B-00C04F79EFBC}") = "RandomCards.Tests", "RandomCards.Tests\RandomCards.Tests.csproj", "{5ED3BDB5-21F1-4E12-A3EA-C1C7345CA254}"
EndProject
Global
	GlobalSection(SolutionConfigurationPlatforms) = preSolution
		Debug|Any CPU = Debug|Any CPU
		Release|Any CPU = Release|Any CPU
	EndGlobalSection
	GlobalSection(ProjectConfigurationPlatforms) = postSolution
		{43E03D34-0619-4988-A218-8AC7EB296174}.Debug|Any CPU.ActiveCfg = Debug|Any CPU
		{43E03D34-0619-4988-A218-8AC7EB296174}.Debug|Any CPU.Build.0 = Debug|Any CPU
		{43E03D34-0619-4988-A218-8AC7EB296174}.Release|Any CPU.ActiveCfg = Release|Any CPU
		{43E03D34-0619-4988-A218-8AC7EB296174}.Release|Any CPU.Build.0 = Release|Any CPU
		{5ED3BDB5-21F1-4E12-A3EA-C1C7345CA254}.Debug|Any CPU.ActiveCfg = Debug|Any CPU
		{5ED3BDB5-21F1-4E12-A3EA-C1C7345CA254}.Debug|Any CPU.Build.0 = Debug|Any CPU
		{5ED3BDB5-21F1-4E12-A3EA-C1C7345CA254}.Release|Any CPU.ActiveCfg = Release|Any CPU
		{5ED3BDB5-21F1-4E12-A3EA-C1C7345CA254}.Release|Any CPU.Build.0 = Release|Any CPU
	EndGlobalSection
	GlobalSection(SolutionProperties) = preSolution
		HideSolutionNode = FALSE
	EndGlobalSection
	GlobalSection(ExtensibilityGlobals) = postSolution
		SolutionGuid = {C1AA1A9B-5019-4864-A0C2-D64DB78014FF}
	EndGlobalSection
EndGlobal
